
Microsoft Visual Studio Solution File, Format Version 12.00
# Visual Studio Version 17
VisualStudioVersion = 17.3.32825.248
MinimumVisualStudioVersion = 10.0.40219.1
Project("{FAE04EC0-301F-11D3-BF4B-00C04F79EFBC}") = "test", "test\test.csproj", "{2E0810A4-E185-447F-A44A-DF4A24CFE34C}"
EndProject
Global
	GlobalSection(SolutionConfigurationPlatforms) = preSolution
		Debug|Any CPU = Debug|Any CPU
		Release|Any CPU = Release|Any CPU
	EndGlobalSection
	GlobalSection(ProjectConfigurationPlatforms) = postSolution
		{2E0810A4-E185-447F-A44A-DF4A24CFE34C}.Debug|Any CPU.ActiveCfg = Debug|Any CPU
		{2E0810A4-E185-447F-A44A-DF4A24CFE34C}.Debug|Any CPU.Build.0 = Debug|Any CPU
		{2E0810A4-E185-447F-A44A-DF4A24CFE34C}.Release|Any CPU.ActiveCfg = Release|Any CPU
		{2E0810A4-E185-447F-A44A-DF4A24CFE34C}.Release|Any CPU.Build.0 = Release|Any CPU
	EndGlobalSection
	GlobalSection(SolutionProperties) = preSolution
		HideSolutionNode = FALSE
	EndGlobalSection
	GlobalSection(ExtensibilityGlobals) = postSolution
		SolutionGuid = {E3E806D6-2E71-4ACF-B0B5-2B90CEBD42FD}
	EndGlobalSection
EndGlobal
